
Microsoft Visual Studio Solution File, Format Version 12.00
# Visual Studio 15
VisualStudioVersion = 15.0.28307.1758
MinimumVisualStudioVersion = 10.0.40219.1
Project("{FAE04EC0-301F-11D3-BF4B-00C04F79EFBC}") = "FreeCaravan", "FreeCaravan\FreeCaravan.csproj", "{065C0386-50CC-4EBF-860C-B4E5E91011F9}"
EndProject
Global
	GlobalSection(SolutionConfigurationPlatforms) = preSolution
		Debug|x86 = Debug|x86
		Release|x86 = Release|x86
	EndGlobalSection
	GlobalSection(ProjectConfigurationPlatforms) = postSolution
		{065C0386-50CC-4EBF-860C-B4E5E91011F9}.Debug|x86.ActiveCfg = Debug|x86
		{065C0386-50CC-4EBF-860C-B4E5E91011F9}.Debug|x86.Build.0 = Debug|x86
		{065C0386-50CC-4EBF-860C-B4E5E91011F9}.Release|x86.ActiveCfg = Release|x86
		{065C0386-50CC-4EBF-860C-B4E5E91011F9}.Release|x86.Build.0 = Release|x86
	EndGlobalSection
	GlobalSection(SolutionProperties) = preSolution
		HideSolutionNode = FALSE
	EndGlobalSection
	GlobalSection(ExtensibilityGlobals) = postSolution
		SolutionGuid = {C8C040AA-DB48-4A80-A3C8-33BAAE84BE79}
	EndGlobalSection
EndGlobal
